
Microsoft Visual Studio Solution File, Format Version 12.00
# Visual Studio Version 17
VisualStudioVersion = 17.14.36414.22
MinimumVisualStudioVersion = 10.0.40219.1
Project("{8BC9CEB8-8B4A-11D0-8D11-00A0C91BC942}") = "Lab_3.0.9", "Lab_3.0.9\Lab_3.0.9.vcxproj", "{670F833B-8608-4795-92DE-AE8F016BB3DB}"
EndProject
Project("{8BC9CEB8-8B4A-11D0-8D11-00A0C91BC942}") = "Lab_3.0.8", "Lab_3.0.8\Lab_3.0.8.vcxproj", "{AC6EB9D4-3DEA-4EC7-8319-A2EB741819F4}"
EndProject
Project("{8BC9CEB8-8B4A-11D0-8D11-00A0C91BC942}") = "Lab_3.1.8", "Lab_3.1.8\Lab_3.1.8.vcxproj", "{611EF92A-E043-46E7-9BFE-2FDD051F7F92}"
EndProject
Project("{8BC9CEB8-8B4A-11D0-8D11-00A0C91BC942}") = "Lab_3.1.9", "Lab_3.1.9\Lab_3.1.9.vcxproj", "{6DE3650A-BBED-488C-B5C5-82E9E16D9898}"
EndProject
Project("{8BC9CEB8-8B4A-11D0-8D11-00A0C91BC942}") = "Lab_3.1.10", "Lab_3.1.10\Lab_3.1.10.vcxproj", "{D40DCD73-81F0-4314-BF1D-5B92E5B14F56}"
EndProject
Project("{8BC9CEB8-8B4A-11D0-8D11-00A0C91BC942}") = "Lab_3.1.11", "Lab_3.1.11\Lab_3.1.11.vcxproj", "{7B6A8C58-A025-4513-BB3A-1B6FF50D2F75}"
EndProject
Project("{8BC9CEB8-8B4A-11D0-8D11-00A0C91BC942}") = "Lab_3.2.16", "Lab_3.2.16\Lab_3.2.16.vcxproj", "{04B6148D-2F2E-4AED-9DA9-710802D3F603}"
EndProject
Project("{8BC9CEB8-8B4A-11D0-8D11-00A0C91BC942}") = "Lab_3.2.17", "Lab_3.2.17\Lab_3.2.17.vcxproj", "{D4486866-6307-4565-8C36-3C55EB9DAA12}"
EndProject
Project("{8BC9CEB8-8B4A-11D0-8D11-00A0C91BC942}") = "Lab_3.4.12", "Lab_3.4.12\Lab_3.4.12.vcxproj", "{7BBE7FED-20F6-44A1-BC72-899D90CAC2F4}"
EndProject
Project("{8BC9CEB8-8B4A-11D0-8D11-00A0C91BC942}") = "Lab_3.4.13", "Lab_3.4.13\Lab_3.4.13.vcxproj", "{0232EA0D-4287-449C-B061-A650DEB841C7}"
EndProject
Global
	GlobalSection(SolutionConfigurationPlatforms) = preSolution
		Debug|x64 = Debug|x64
		Debug|x86 = Debug|x86
		Release|x64 = Release|x64
		Release|x86 = Release|x86
	EndGlobalSection
	GlobalSection(ProjectConfigurationPlatforms) = postSolution
		{670F833B-8608-4795-92DE-AE8F016BB3DB}.Debug|x64.ActiveCfg = Debug|x64
		{670F833B-8608-4795-92DE-AE8F016BB3DB}.Debug|x64.Build.0 = Debug|x64
		{670F833B-8608-4795-92DE-AE8F016BB3DB}.Debug|x86.ActiveCfg = Debug|Win32
		{670F833B-8608-4795-92DE-AE8F016BB3DB}.Debug|x86.Build.0 = Debug|Win32
		{670F833B-8608-4795-92DE-AE8F016BB3DB}.Release|x64.ActiveCfg = Release|x64
		{670F833B-8608-4795-92DE-AE8F016BB3DB}.Release|x64.Build.0 = Release|x64
		{670F833B-8608-4795-92DE-AE8F016BB3DB}.Release|x86.ActiveCfg = Release|Win32
		{670F833B-8608-4795-92DE-AE8F016BB3DB}.Release|x86.Build.0 = Release|Win32
		{AC6EB9D4-3DEA-4EC7-8319-A2EB741819F4}.Debug|x64.ActiveCfg = Debug|x64
		{AC6EB9D4-3DEA-4EC7-8319-A2EB741819F4}.Debug|x64.Build.0 = Debug|x64
		{AC6EB9D4-3DEA-4EC7-8319-A2EB741819F4}.Debug|x86.ActiveCfg = Debug|Win32
		{AC6EB9D4-3DEA-4EC7-8319-A2EB741819F4}.Debug|x86.Build.0 = Debug|Win32
		{AC6EB9D4-3DEA-4EC7-8319-A2EB741819F4}.Release|x64.ActiveCfg = Release|x64
		{AC6EB9D4-3DEA-4EC7-8319-A2EB741819F4}.Release|x64.Build.0 = Release|x64
		{AC6EB9D4-3DEA-4EC7-8319-A2EB741819F4}.Release|x86.ActiveCfg = Release|Win32
		{AC6EB9D4-3DEA-4EC7-8319-A2EB741819F4}.Release|x86.Build.0 = Release|Win32
		{611EF92A-E043-46E7-9BFE-2FDD051F7F92}.Debug|x64.ActiveCfg = Debug|x64
		{611EF92A-E043-46E7-9BFE-2FDD051F7F92}.Debug|x64.Build.0 = Debug|x64
		{611EF92A-E043-46E7-9BFE-2FDD051F7F92}.Debug|x86.ActiveCfg = Debug|Win32
		{611EF92A-E043-46E7-9BFE-2FDD051F7F92}.Debug|x86.Build.0 = Debug|Win32
		{611EF92A-E043-46E7-9BFE-2FDD051F7F92}.Release|x64.ActiveCfg = Release|x64
		{611EF92A-E043-46E7-9BFE-2FDD051F7F92}.Release|x64.Build.0 = Release|x64
		{611EF92A-E043-46E7-9BFE-2FDD051F7F92}.Release|x86.ActiveCfg = Release|Win32
		{611EF92A-E043-46E7-9BFE-2FDD051F7F92}.Release|x86.Build.0 = Release|Win32
		{6DE3650A-BBED-488C-B5C5-82E9E16D9898}.Debug|x64.ActiveCfg = Debug|x64
		{6DE3650A-BBED-488C-B5C5-82E9E16D9898}.Debug|x64.Build.0 = Debug|x64
		{6DE3650A-BBED-488C-B5C5-82E9E16D9898}.Debug|x86.ActiveCfg = Debug|Win32
		{6DE3650A-BBED-488C-B5C5-82E9E16D9898}.Debug|x86.Build.0 = Debug|Win32
		{6DE3650A-BBED-488C-B5C5-82E9E16D9898}.Release|x64.ActiveCfg = Release|x64
		{6DE3650A-BBED-488C-B5C5-82E9E16D9898}.Release|x64.Build.0 = Release|x64
		{6DE3650A-BBED-488C-B5C5-82E9E16D9898}.Release|x86.ActiveCfg = Release|Win32
		{6DE3650A-BBED-488C-B5C5-82E9E16D9898}.Release|x86.Build.0 = Release|Win32
		{D40DCD73-81F0-4314-BF1D-5B92E5B14F56}.Debug|x64.ActiveCfg = Debug|x64
		{D40DCD73-81F0-4314-BF1D-5B92E5B14F56}.Debug|x64.Build.0 = Debug|x64
		{D40DCD73-81F0-4314-BF1D-5B92E5B14F56}.Debug|x86.ActiveCfg = Debug|Win32
		{D40DCD73-81F0-4314-BF1D-5B92E5B14F56}.Debug|x86.Build.0 = Debug|Win32
		{D40DCD73-81F0-4314-BF1D-5B92E5B14F56}.Release|x64.ActiveCfg = Release|x64
		{D40DCD73-81F0-4314-BF1D-5B92E5B14F56}.Release|x64.Build.0 = Release|x64
		{D40DCD73-81F0-4314-BF1D-5B92E5B14F56}.Release|x86.ActiveCfg = Release|Win32
		{D40DCD73-81F0-4314-BF1D-5B92E5B14F56}.Release|x86.Build.0 = Release|Win32
		{7B6A8C58-A025-4513-BB3A-1B6FF50D2F75}.Debug|x64.ActiveCfg = Debug|x64
		{7B6A8C58-A025-4513-BB3A-1B6FF50D2F75}.Debug|x64.Build.0 = Debug|x64
		{7B6A8C58-A025-4513-BB3A-1B6FF50D2F75}.Debug|x86.ActiveCfg = Debug|Win32
		{7B6A8C58-A025-4513-BB3A-1B6FF50D2F75}.Debug|x86.Build.0 = Debug|Win32
		{7B6A8C58-A025-4513-BB3A-1B6FF50D2F75}.Release|x64.ActiveCfg = Release|x64
		{7B6A8C58-A025-4513-BB3A-1B6FF50D2F75}.Release|x64.Build.0 = Release|x64
		{7B6A8C58-A025-4513-BB3A-1B6FF50D2F75}.Release|x86.ActiveCfg = Release|Win32
		{7B6A8C58-A025-4513-BB3A-1B6FF50D2F75}.Release|x86.Build.0 = Release|Win32
		{04B6148D-2F2E-4AED-9DA9-710802D3F603}.Debug|x64.ActiveCfg = Debug|x64
		{04B6148D-2F2E-4AED-9DA9-710802D3F603}.Debug|x64.Build.0 = Debug|x64
		{04B6148D-2F2E-4AED-9DA9-710802D3F603}.Debug|x86.ActiveCfg = Debug|Win32
		{04B6148D-2F2E-4AED-9DA9-710802D3F603}.Debug|x86.Build.0 = Debug|Win32
		{04B6148D-2F2E-4AED-9DA9-710802D3F603}.Release|x64.ActiveCfg = Release|x64
		{04B6148D-2F2E-4AED-9DA9-710802D3F603}.Release|x64.Build.0 = Release|x64
		{04B6148D-2F2E-4AED-9DA9-710802D3F603}.Release|x86.ActiveCfg = Release|Win32
		{04B6148D-2F2E-4AED-9DA9-710802D3F603}.Release|x86.Build.0 = Release|Win32
		{D4486866-6307-4565-8C36-3C55EB9DAA12}.Debug|x64.ActiveCfg = Debug|x64
		{D4486866-6307-4565-8C36-3C55EB9DAA12}.Debug|x64.Build.0 = Debug|x64
		{D4486866-6307-4565-8C36-3C55EB9DAA12}.Debug|x86.ActiveCfg = Debug|Win32
		{D4486866-6307-4565-8C36-3C55EB9DAA12}.Debug|x86.Build.0 = Debug|Win32
		{D4486866-6307-4565-8C36-3C55EB9DAA12}.Release|x64.ActiveCfg = Release|x64
		{D4486866-6307-4565-8C36-3C55EB9DAA12}.Release|x64.Build.0 = Release|x64
		{D4486866-6307-4565-8C36-3C55EB9DAA12}.Release|x86.ActiveCfg = Release|Win32
		{D4486866-6307-4565-8C36-3C55EB9DAA12}.Release|x86.Build.0 = Release|Win32
		{7BBE7FED-20F6-44A1-BC72-899D90CAC2F4}.Debug|x64.ActiveCfg = Debug|x64
		{7BBE7FED-20F6-44A1-BC72-899D90CAC2F4}.Debug|x64.Build.0 = Debug|x64
		{7BBE7FED-20F6-44A1-BC72-899D90CAC2F4}.Debug|x86.ActiveCfg = Debug|Win32
		{7BBE7FED-20F6-44A1-BC72-899D90CAC2F4}.Debug|x86.Build.0 = Debug|Win32
		{7BBE7FED-20F6-44A1-BC72-899D90CAC2F4}.Release|x64.ActiveCfg = Release|x64
		{7BBE7FED-20F6-44A1-BC72-899D90CAC2F4}.Release|x64.Build.0 = Release|x64
		{7BBE7FED-20F6-44A1-BC72-899D90CAC2F4}.Release|x86.ActiveCfg = Release|Win32
		{7BBE7FED-20F6-44A1-BC72-899D90CAC2F4}.Release|x86.Build.0 = Release|Win32
		{0232EA0D-4287-449C-B061-A650DEB841C7}.Debug|x64.ActiveCfg = Debug|x64
		{0232EA0D-4287-449C-B061-A650DEB841C7}.Debug|x64.Build.0 = Debug|x64
		{0232EA0D-4287-449C-B061-A650DEB841C7}.Debug|x86.ActiveCfg = Debug|Win32
		{0232EA0D-4287-449C-B061-A650DEB841C7}.Debug|x86.Build.0 = Debug|Win32
		{0232EA0D-4287-449C-B061-A650DEB841C7}.Release|x64.ActiveCfg = Release|x64
		{0232EA0D-4287-449C-B061-A650DEB841C7}.Release|x64.Build.0 = Release|x64
		{0232EA0D-4287-449C-B061-A650DEB841C7}.Release|x86.ActiveCfg = Release|Win32
		{0232EA0D-4287-449C-B061-A650DEB841C7}.Release|x86.Build.0 = Release|Win32
	EndGlobalSection
	GlobalSection(SolutionProperties) = preSolution
		HideSolutionNode = FALSE
	EndGlobalSection
	GlobalSection(ExtensibilityGlobals) = postSolution
		SolutionGuid = {F703ECDB-8904-4E9B-88AC-70A5FB5E4EBD}
	EndGlobalSection
EndGlobal
